
Microsoft Visual Studio Solution File, Format Version 12.00
# Visual Studio 14
VisualStudioVersion = 14.0.25420.1
MinimumVisualStudioVersion = 10.0.40219.1
Project("{8BC9CEB8-8B4A-11D0-8D11-00A0C91BC942}") = "DLLTest", "DLLTest\DLLTest.vcxproj", "{E68109CF-E054-4A82-83B2-B0E6509DD270}"
EndProject
Project("{8BC9CEB8-8B4A-11D0-8D11-00A0C91BC942}") = "DLL", "DLL\DLL.vcxproj", "{3237C63F-C5F7-421F-BDF3-8875969A2F3B}"
EndProject
Project("{8BC9CEB8-8B4A-11D0-8D11-00A0C91BC942}") = "DLL2", "DLL2\DLL2.vcxproj", "{52B4BE79-D229-487D-BF86-12F20BBBE658}"
EndProject
Project("{8BC9CEB8-8B4A-11D0-8D11-00A0C91BC942}") = "QtDLLTest", "QtDLLTest\QtDLLTest.vcxproj", "{D4548AA3-0FAD-4C79-9948-80A4B01193E7}"
EndProject
Global
	GlobalSection(SolutionConfigurationPlatforms) = preSolution
		Debug|x64 = Debug|x64
		Debug|x86 = Debug|x86
		Release|x64 = Release|x64
		Release|x86 = Release|x86
	EndGlobalSection
	GlobalSection(ProjectConfigurationPlatforms) = postSolution
		{E68109CF-E054-4A82-83B2-B0E6509DD270}.Debug|x64.ActiveCfg = Debug|x64
		{E68109CF-E054-4A82-83B2-B0E6509DD270}.Debug|x64.Build.0 = Debug|x64
		{E68109CF-E054-4A82-83B2-B0E6509DD270}.Debug|x86.ActiveCfg = Debug|Win32
		{E68109CF-E054-4A82-83B2-B0E6509DD270}.Debug|x86.Build.0 = Debug|Win32
		{E68109CF-E054-4A82-83B2-B0E6509DD270}.Release|x64.ActiveCfg = Release|x64
		{E68109CF-E054-4A82-83B2-B0E6509DD270}.Release|x64.Build.0 = Release|x64
		{E68109CF-E054-4A82-83B2-B0E6509DD270}.Release|x86.ActiveCfg = Release|Win32
		{E68109CF-E054-4A82-83B2-B0E6509DD270}.Release|x86.Build.0 = Release|Win32
		{3237C63F-C5F7-421F-BDF3-8875969A2F3B}.Debug|x64.ActiveCfg = Debug|x64
		{3237C63F-C5F7-421F-BDF3-8875969A2F3B}.Debug|x64.Build.0 = Debug|x64
		{3237C63F-C5F7-421F-BDF3-8875969A2F3B}.Debug|x86.ActiveCfg = Debug|Win32
		{3237C63F-C5F7-421F-BDF3-8875969A2F3B}.Debug|x86.Build.0 = Debug|Win32
		{3237C63F-C5F7-421F-BDF3-8875969A2F3B}.Release|x64.ActiveCfg = Release|x64
		{3237C63F-C5F7-421F-BDF3-8875969A2F3B}.Release|x64.Build.0 = Release|x64
		{3237C63F-C5F7-421F-BDF3-8875969A2F3B}.Release|x86.ActiveCfg = Release|Win32
		{3237C63F-C5F7-421F-BDF3-8875969A2F3B}.Release|x86.Build.0 = Release|Win32
		{52B4BE79-D229-487D-BF86-12F20BBBE658}.Debug|x64.ActiveCfg = Debug|x64
		{52B4BE79-D229-487D-BF86-12F20BBBE658}.Debug|x64.Build.0 = Debug|x64
		{52B4BE79-D229-487D-BF86-12F20BBBE658}.Debug|x86.ActiveCfg = Debug|Win32
		{52B4BE79-D229-487D-BF86-12F20BBBE658}.Debug|x86.Build.0 = Debug|Win32
		{52B4BE79-D229-487D-BF86-12F20BBBE658}.Release|x64.ActiveCfg = Release|x64
		{52B4BE79-D229-487D-BF86-12F20BBBE658}.Release|x64.Build.0 = Release|x64
		{52B4BE79-D229-487D-BF86-12F20BBBE658}.Release|x86.ActiveCfg = Release|Win32
		{52B4BE79-D229-487D-BF86-12F20BBBE658}.Release|x86.Build.0 = Release|Win32
		{D4548AA3-0FAD-4C79-9948-80A4B01193E7}.Debug|x64.ActiveCfg = Debug|x64
		{D4548AA3-0FAD-4C79-9948-80A4B01193E7}.Debug|x64.Build.0 = Debug|x64
		{D4548AA3-0FAD-4C79-9948-80A4B01193E7}.Debug|x86.ActiveCfg = Debug|x64
		{D4548AA3-0FAD-4C79-9948-80A4B01193E7}.Release|x64.ActiveCfg = Release|x64
		{D4548AA3-0FAD-4C79-9948-80A4B01193E7}.Release|x64.Build.0 = Release|x64
		{D4548AA3-0FAD-4C79-9948-80A4B01193E7}.Release|x86.ActiveCfg = Release|x64
	EndGlobalSection
	GlobalSection(SolutionProperties) = preSolution
		HideSolutionNode = FALSE
	EndGlobalSection
EndGlobal
